
Microsoft Visual Studio Solution File, Format Version 12.00
# Visual Studio Version 17
VisualStudioVersion = 17.0.31903.59
MinimumVisualStudioVersion = 10.0.40219.1
Project("{FAE04EC0-301F-11D3-BF4B-00C04F79EFBC}") = "godot_component_system", "godot_component_system.csproj", "{A8628149-1847-4671-A6AF-B999D4400941}"
EndProject
Global
	GlobalSection(SolutionConfigurationPlatforms) = preSolution
		Debug|Any CPU = Debug|Any CPU
		Release|Any CPU = Release|Any CPU
	EndGlobalSection
	GlobalSection(SolutionProperties) = preSolution
		HideSolutionNode = FALSE
	EndGlobalSection
	GlobalSection(ProjectConfigurationPlatforms) = postSolution
		{A8628149-1847-4671-A6AF-B999D4400941}.Debug|Any CPU.ActiveCfg = Debug|Any CPU
		{A8628149-1847-4671-A6AF-B999D4400941}.Debug|Any CPU.Build.0 = Debug|Any CPU
		{A8628149-1847-4671-A6AF-B999D4400941}.Release|Any CPU.ActiveCfg = Debug|Any CPU
		{A8628149-1847-4671-A6AF-B999D4400941}.Release|Any CPU.Build.0 = Debug|Any CPU
	EndGlobalSection
EndGlobal
